PODS:
  - HexColors (2.3.0)
  - Hyphenate (3.3.4.1)
  - IQKeyboardManager (4.0.13)
  - Masonry (1.0.1)
  - MBProgressHUD (0.9.2)
  - MJRefresh (3.1.12)
  - Protobuf (3.4.0)
  - ProtocolBuffers-Swift (3.0.23)
  - SDWebImage (3.7.5):
    - SDWebImage/Core (= 3.7.5)
  - SDWebImage/Core (3.7.5)

DEPENDENCIES:
  - HexColors (= 2.3.0)
  - Hyphenate
  - IQKeyboardManager
  - Masonry (= 1.0.1)
  - MBProgressHUD (= 0.9.2)
  - MJRefresh
  - Protobuf
  - ProtocolBuffers-Swift
  - SDWebImage (= 3.7.5)

SPEC CHECKSUMS:
  HexColors: 6ad3947c3447a055a3aa8efa859def096351fe5f
  Hyphenate: dc7709bf976ff7f23565d0902bec2d3f236ed67e
  IQKeyboardManager: 8eab4d8111418414619d1df8e4779ce5d0f8d7e2
  Masonry: a1a931a0d08870ed8ae415a2ea5ea68ebcac77df
  MBProgressHUD: 1569cf7ace17a8bac47aabfbb8580a49690386d1
  MJRefresh: b96cdb21c4aa75a7b07654311ab2f315c497e806
  Protobuf: 03eef2ee0b674770735cf79d9c4d3659cf6908e8
  ProtocolBuffers-Swift: e0b959c0fbb5dcadb3846f9b42c2cbfae6918422
  SDWebImage: 69c6303e3348fba97e03f65d65d4fbc26740f461

PODFILE CHECKSUM: 24dafadf73ad946be2f9ba078713788f686b285a

COCOAPODS: 1.2.1
